// !$*UTF8*$!
{
	archiveVersion = 1;
	classes = {
	};
	objectVersion = 56;
	objects = {

/* Begin PBXBuildFile section */
		227925E52BC2E60800A8A1B4 /* ApiCaller.swift in Sources */ = {isa = PBXBuildFile; fileRef = 227925E42BC2E60800A8A1B4 /* ApiCaller.swift */; };
		22BE6BFA2BB98B140060DAFC /* AppDelegate.swift in Sources */ = {isa = PBXBuildFile; fileRef = 22BE6BF92BB98B140060DAFC /* AppDelegate.swift */; };
		22BE6BFC2BB98B140060DAFC /* SceneDelegate.swift in Sources */ = {isa = PBXBuildFile; fileRef = 22BE6BFB2BB98B140060DAFC /* SceneDelegate.swift */; };
		22BE6BFE2BB98B140060DAFC /* HomeViewController.swift in Sources */ = {isa = PBXBuildFile; fileRef = 22BE6BFD2BB98B140060DAFC /* HomeViewController.swift */; };
		22BE6C012BB98B140060DAFC /* Base in Resources */ = {isa = PBXBuildFile; fileRef = 22BE6C002BB98B140060DAFC /* Base */; };
		22BE6C032BB98B1B0060DAFC /* Assets.xcassets in Resources */ = {isa = PBXBuildFile; fileRef = 22BE6C022BB98B1B0060DAFC /* Assets.xcassets */; };
		22BE6C062BB98B1B0060DAFC /* Base in Resources */ = {isa = PBXBuildFile; fileRef = 22BE6C052BB98B1B0060DAFC /* Base */; };
		22BE6C112BB98B1C0060DAFC /* _rd_hw_KimHyunJoongTests.swift in Sources */ = {isa = PBXBuildFile; fileRef = 22BE6C102BB98B1C0060DAFC /* _rd_hw_KimHyunJoongTests.swift */; };
		22BE6C1B2BB98B1C0060DAFC /* _rd_hw_KimHyunJoongUITests.swift in Sources */ = {isa = PBXBuildFile; fileRef = 22BE6C1A2BB98B1C0060DAFC /* _rd_hw_KimHyunJoongUITests.swift */; };
		22BE6C1D2BB98B1C0060DAFC /* _rd_hw_KimHyunJoongUITestsLaunchTests.swift in Sources */ = {isa = PBXBuildFile; fileRef = 22BE6C1C2BB98B1C0060DAFC /* _rd_hw_KimHyunJoongUITestsLaunchTests.swift */; };
		22BE6C2A2BBA8BA10060DAFC /* MovieData.swift in Sources */ = {isa = PBXBuildFile; fileRef = 22BE6C292BBA8BA10060DAFC /* MovieData.swift */; };
		22BE6C2C2BBA94160060DAFC /* ViewController.swift in Sources */ = {isa = PBXBuildFile; fileRef = 22BE6C2B2BBA94160060DAFC /* ViewController.swift */; };
		22BE6C2E2BBA94770060DAFC /* SearchViewController.swift in Sources */ = {isa = PBXBuildFile; fileRef = 22BE6C2D2BBA94770060DAFC /* SearchViewController.swift */; };
		22BE6C302BBA94880060DAFC /* ComingController.swift in Sources */ = {isa = PBXBuildFile; fileRef = 22BE6C2F2BBA94880060DAFC /* ComingController.swift */; };
		22BE6C322BBA949F0060DAFC /* DownloadController.swift in Sources */ = {isa = PBXBuildFile; fileRef = 22BE6C312BBA949F0060DAFC /* DownloadController.swift */; };
		22BE6C342BBA94B20060DAFC /* MoreController.swift in Sources */ = {isa = PBXBuildFile; fileRef = 22BE6C332BBA94B20060DAFC /* MoreController.swift */; };
/* End PBXBuildFile section */

/* Begin PBXContainerItemProxy section */
		22BE6C0D2BB98B1C0060DAFC /* PBXContainerItemProxy */ = {
			isa = PBXContainerItemProxy;
			containerPortal = 22BE6BEE2BB98B140060DAFC /* Project object */;
			proxyType = 1;
			remoteGlobalIDString = 22BE6BF52BB98B140060DAFC;
			remoteInfo = 3rd_hw_KimHyunJoong;
		};
		22BE6C172BB98B1C0060DAFC /* PBXContainerItemProxy */ = {
			isa = PBXContainerItemProxy;
			containerPortal = 22BE6BEE2BB98B140060DAFC /* Project object */;
			proxyType = 1;
			remoteGlobalIDString = 22BE6BF52BB98B140060DAFC;
			remoteInfo = 3rd_hw_KimHyunJoong;
		};
/* End PBXContainerItemProxy section */

/* Begin PBXFileReference section */
		227925E42BC2E60800A8A1B4 /* ApiCaller.swift */ = {isa = PBXFileReference; lastKnownFileType = sourcecode.swift; path = ApiCaller.swift; sourceTree = "<group>"; };
		22BE6BF62BB98B140060DAFC /* 3rd_hw_KimHyunJoong.app */ = {isa = PBXFileReference; explicitFileType = wrapper.application; includeInIndex = 0; path = 3rd_hw_KimHyunJoong.app; sourceTree = BUILT_PRODUCTS_DIR; };
		22BE6BF92BB98B140060DAFC /* AppDelegate.swift */ = {isa = PBXFileReference; lastKnownFileType = sourcecode.swift; path = AppDelegate.swift; sourceTree = "<group>"; };
		22BE6BFB2BB98B140060DAFC /* SceneDelegate.swift */ = {isa = PBXFileReference; lastKnownFileType = sourcecode.swift; path = SceneDelegate.swift; sourceTree = "<group>"; };
		22BE6BFD2BB98B140060DAFC /* HomeViewController.swift */ = {isa = PBXFileReference; lastKnownFileType = sourcecode.swift; path = HomeViewController.swift; sourceTree = "<group>"; };
		22BE6C002BB98B140060DAFC /* Base */ = {isa = PBXFileReference; lastKnownFileType = file.storyboard; name = Base; path = Base.lproj/Main.storyboard; sourceTree = "<group>"; };
		22BE6C022BB98B1B0060DAFC /* Assets.xcassets */ = {isa = PBXFileReference; lastKnownFileType = folder.assetcatalog; path = Assets.xcassets; sourceTree = "<group>"; };
		22BE6C052BB98B1B0060DAFC /* Base */ = {isa = PBXFileReference; lastKnownFileType = file.storyboard; name = Base; path = Base.lproj/LaunchScreen.storyboard; sourceTree = "<group>"; };
		22BE6C072BB98B1B0060DAFC /* Info.plist */ = {isa = PBXFileReference; lastKnownFileType = text.plist.xml; path = Info.plist; sourceTree = "<group>"; };
		22BE6C0C2BB98B1C0060DAFC /* 3rd_hw_KimHyunJoongTests.xctest */ = {isa = PBXFileReference; explicitFileType = wrapper.cfbundle; includeInIndex = 0; path = 3rd_hw_KimHyunJoongTests.xctest; sourceTree = BUILT_PRODUCTS_DIR; };
		22BE6C102BB98B1C0060DAFC /* _rd_hw_KimHyunJoongTests.swift */ = {isa = PBXFileReference; lastKnownFileType = sourcecode.swift; path = _rd_hw_KimHyunJoongTests.swift; sourceTree = "<group>"; };
		22BE6C162BB98B1C0060DAFC /* 3rd_hw_KimHyunJoongUITests.xctest */ = {isa = PBXFileReference; explicitFileType = wrapper.cfbundle; includeInIndex = 0; path = 3rd_hw_KimHyunJoongUITests.xctest; sourceTree = BUILT_PRODUCTS_DIR; };
		22BE6C1A2BB98B1C0060DAFC /* _rd_hw_KimHyunJoongUITests.swift */ = {isa = PBXFileReference; lastKnownFileType = sourcecode.swift; path = _rd_hw_KimHyunJoongUITests.swift; sourceTree = "<group>"; };
		22BE6C1C2BB98B1C0060DAFC /* _rd_hw_KimHyunJoongUITestsLaunchTests.swift */ = {isa = PBXFileReference; lastKnownFileType = sourcecode.swift; path = _rd_hw_KimHyunJoongUITestsLaunchTests.swift; sourceTree = "<group>"; };
		22BE6C292BBA8BA10060DAFC /* MovieData.swift */ = {isa = PBXFileReference; lastKnownFileType = sourcecode.swift; path = MovieData.swift; sourceTree = "<group>"; };
		22BE6C2B2BBA94160060DAFC /* ViewController.swift */ = {isa = PBXFileReference; lastKnownFileType = sourcecode.swift; path = ViewController.swift; sourceTree = "<group>"; };
		22BE6C2D2BBA94770060DAFC /* SearchViewController.swift */ = {isa = PBXFileReference; lastKnownFileType = sourcecode.swift; path = SearchViewController.swift; sourceTree = "<group>"; };
		22BE6C2F2BBA94880060DAFC /* ComingController.swift */ = {isa = PBXFileReference; lastKnownFileType = sourcecode.swift; path = ComingController.swift; sourceTree = "<group>"; };
		22BE6C312BBA949F0060DAFC /* DownloadController.swift */ = {isa = PBXFileReference; lastKnownFileType = sourcecode.swift; path = DownloadController.swift; sourceTree = "<group>"; };
		22BE6C332BBA94B20060DAFC /* MoreController.swift */ = {isa = PBXFileReference; lastKnownFileType = sourcecode.swift; path = MoreController.swift; sourceTree = "<group>"; };
/* End PBXFileReference section */

/* Begin PBXFrameworksBuildPhase section */
		22BE6BF32BB98B140060DAFC /* Frameworks */ = {
			isa = PBXFrameworksBuildPhase;
			buildActionMask = 2147483647;
			files = (
			);
			runOnlyForDeploymentPostprocessing = 0;
		};
		22BE6C092BB98B1C0060DAFC /* Frameworks */ = {
			isa = PBXFrameworksBuildPhase;
			buildActionMask = 2147483647;
			files = (
			);
			runOnlyForDeploymentPostprocessing = 0;
		};
		22BE6C132BB98B1C0060DAFC /* Frameworks */ = {
			isa = PBXFrameworksBuildPhase;
			buildActionMask = 2147483647;
			files = (
			);
			runOnlyForDeploymentPostprocessing = 0;
		};
/* End PBXFrameworksBuildPhase section */

/* Begin PBXGroup section */
		227925E12BC2E5A400A8A1B4 /* Model */ = {
			isa = PBXGroup;
			children = (
				22BE6C292BBA8BA10060DAFC /* MovieData.swift */,
			);
			path = Model;
			sourceTree = "<group>";
		};
		227925E22BC2E5C200A8A1B4 /* View */ = {
			isa = PBXGroup;
			children = (
				22BE6BFD2BB98B140060DAFC /* HomeViewController.swift */,
				22BE6C2D2BBA94770060DAFC /* SearchViewController.swift */,
				22BE6C2F2BBA94880060DAFC /* ComingController.swift */,
				22BE6C312BBA949F0060DAFC /* DownloadController.swift */,
				22BE6C332BBA94B20060DAFC /* MoreController.swift */,
			);
			path = View;
			sourceTree = "<group>";
		};
		227925E32BC2E5F100A8A1B4 /* API */ = {
			isa = PBXGroup;
			children = (
				227925E42BC2E60800A8A1B4 /* ApiCaller.swift */,
			);
			path = API;
			sourceTree = "<group>";
		};
		22BE6BED2BB98B140060DAFC = {
			isa = PBXGroup;
			children = (
				22BE6BF82BB98B140060DAFC /* 3rd_hw_KimHyunJoong */,
				22BE6C0F2BB98B1C0060DAFC /* 3rd_hw_KimHyunJoongTests */,
				22BE6C192BB98B1C0060DAFC /* 3rd_hw_KimHyunJoongUITests */,
				22BE6BF72BB98B140060DAFC /* Products */,
			);
			sourceTree = "<group>";
		};
		22BE6BF72BB98B140060DAFC /* Products */ = {
			isa = PBXGroup;
			children = (
				22BE6BF62BB98B140060DAFC /* 3rd_hw_KimHyunJoong.app */,
				22BE6C0C2BB98B1C0060DAFC /* 3rd_hw_KimHyunJoongTests.xctest */,
				22BE6C162BB98B1C0060DAFC /* 3rd_hw_KimHyunJoongUITests.xctest */,
			);
			name = Products;
			sourceTree = "<group>";
		};
		22BE6BF82BB98B140060DAFC /* 3rd_hw_KimHyunJoong */ = {
			isa = PBXGroup;
			children = (
				227925E32BC2E5F100A8A1B4 /* API */,
				227925E22BC2E5C200A8A1B4 /* View */,
				227925E12BC2E5A400A8A1B4 /* Model */,
				22BE6BF92BB98B140060DAFC /* AppDelegate.swift */,
				22BE6BFB2BB98B140060DAFC /* SceneDelegate.swift */,
				22BE6BFF2BB98B140060DAFC /* Main.storyboard */,
				22BE6C022BB98B1B0060DAFC /* Assets.xcassets */,
				22BE6C042BB98B1B0060DAFC /* LaunchScreen.storyboard */,
				22BE6C072BB98B1B0060DAFC /* Info.plist */,
				22BE6C2B2BBA94160060DAFC /* ViewController.swift */,
			);
			path = 3rd_hw_KimHyunJoong;
			sourceTree = "<group>";
		};
		22BE6C0F2BB98B1C0060DAFC /* 3rd_hw_KimHyunJoongTests */ = {
			isa = PBXGroup;
			children = (
				22BE6C102BB98B1C0060DAFC /* _rd_hw_KimHyunJoongTests.swift */,
			);
			path = 3rd_hw_KimHyunJoongTests;
			sourceTree = "<group>";
		};
		22BE6C192BB98B1C0060DAFC /* 3rd_hw_KimHyunJoongUITests */ = {
			isa = PBXGroup;
			children = (
				22BE6C1A2BB98B1C0060DAFC /* _rd_hw_KimHyunJoongUITests.swift */,
				22BE6C1C2BB98B1C0060DAFC /* _rd_hw_KimHyunJoongUITestsLaunchTests.swift */,
			);
			path = 3rd_hw_KimHyunJoongUITests;
			sourceTree = "<group>";
		};
/* End PBXGroup section */

/* Begin PBXNativeTarget section */
		22BE6BF52BB98B140060DAFC /* 3rd_hw_KimHyunJoong */ = {
			isa = PBXNativeTarget;
			buildConfigurationList = 22BE6C202BB98B1C0060DAFC /* Build configuration list for PBXNativeTarget "3rd_hw_KimHyunJoong" */;
			buildPhases = (
				22BE6BF22BB98B140060DAFC /* Sources */,
				22BE6BF32BB98B140060DAFC /* Frameworks */,
				22BE6BF42BB98B140060DAFC /* Resources */,
			);
			buildRules = (
			);
			dependencies = (
			);
			name = 3rd_hw_KimHyunJoong;
			productName = 3rd_hw_KimHyunJoong;
			productReference = 22BE6BF62BB98B140060DAFC /* 3rd_hw_KimHyunJoong.app */;
			productType = "com.apple.product-type.application";
		};
		22BE6C0B2BB98B1C0060DAFC /* 3rd_hw_KimHyunJoongTests */ = {
			isa = PBXNativeTarget;
			buildConfigurationList = 22BE6C232BB98B1C0060DAFC /* Build configuration list for PBXNativeTarget "3rd_hw_KimHyunJoongTests" */;
			buildPhases = (
				22BE6C082BB98B1C0060DAFC /* Sources */,
				22BE6C092BB98B1C0060DAFC /* Frameworks */,
				22BE6C0A2BB98B1C0060DAFC /* Resources */,
			);
			buildRules = (
			);
			dependencies = (
				22BE6C0E2BB98B1C0060DAFC /* PBXTargetDependency */,
			);
			name = 3rd_hw_KimHyunJoongTests;
			productName = 3rd_hw_KimHyunJoongTests;
			productReference = 22BE6C0C2BB98B1C0060DAFC /* 3rd_hw_KimHyunJoongTests.xctest */;
			productType = "com.apple.product-type.bundle.unit-test";
		};
		22BE6C152BB98B1C0060DAFC /* 3rd_hw_KimHyunJoongUITests */ = {
			isa = PBXNativeTarget;
			buildConfigurationList = 22BE6C262BB98B1C0060DAFC /* Build configuration list for PBXNativeTarget "3rd_hw_KimHyunJoongUITests" */;
			buildPhases = (
				22BE6C122BB98B1C0060DAFC /* Sources */,
				22BE6C132BB98B1C0060DAFC /* Frameworks */,
				22BE6C142BB98B1C0060DAFC /* Resources */,
			);
			buildRules = (
			);
			dependencies = (
				22BE6C182BB98B1C0060DAFC /* PBXTargetDependency */,
			);
			name = 3rd_hw_KimHyunJoongUITests;
			productName = 3rd_hw_KimHyunJoongUITests;
			productReference = 22BE6C162BB98B1C0060DAFC /* 3rd_hw_KimHyunJoongUITests.xctest */;
			productType = "com.apple.product-type.bundle.ui-testing";
		};
/* End PBXNativeTarget section */

/* Begin PBXProject section */
		22BE6BEE2BB98B140060DAFC /* Project object */ = {
			isa = PBXProject;
			attributes = {
				BuildIndependentTargetsInParallel = 1;
				LastSwiftUpdateCheck = 1530;
				LastUpgradeCheck = 1530;
				TargetAttributes = {
					22BE6BF52BB98B140060DAFC = {
						CreatedOnToolsVersion = 15.3;
					};
					22BE6C0B2BB98B1C0060DAFC = {
						CreatedOnToolsVersion = 15.3;
						TestTargetID = 22BE6BF52BB98B140060DAFC;
					};
					22BE6C152BB98B1C0060DAFC = {
						CreatedOnToolsVersion = 15.3;
						TestTargetID = 22BE6BF52BB98B140060DAFC;
					};
				};
			};
			buildConfigurationList = 22BE6BF12BB98B140060DAFC /* Build configuration list for PBXProject "3rd_hw_KimHyunJoong" */;
			compatibilityVersion = "Xcode 14.0";
			developmentRegion = en;
			hasScannedForEncodings = 0;
			knownRegions = (
				en,
				Base,
			);
			mainGroup = 22BE6BED2BB98B140060DAFC;
			productRefGroup = 22BE6BF72BB98B140060DAFC /* Products */;
			projectDirPath = "";
			projectRoot = "";
			targets = (
				22BE6BF52BB98B140060DAFC /* 3rd_hw_KimHyunJoong */,
				22BE6C0B2BB98B1C0060DAFC /* 3rd_hw_KimHyunJoongTests */,
				22BE6C152BB98B1C0060DAFC /* 3rd_hw_KimHyunJoongUITests */,
			);
		};
/* End PBXProject section */

/* Begin PBXResourcesBuildPhase section */
		22BE6BF42BB98B140060DAFC /* Resources */ = {
			isa = PBXResourcesBuildPhase;
			buildActionMask = 2147483647;
			files = (
				22BE6C032BB98B1B0060DAFC /* Assets.xcassets in Resources */,
				22BE6C062BB98B1B0060DAFC /* Base in Resources */,
				22BE6C012BB98B140060DAFC /* Base in Resources */,
			);
			runOnlyForDeploymentPostprocessing = 0;
		};
		22BE6C0A2BB98B1C0060DAFC /* Resources */ = {
			isa = PBXResourcesBuildPhase;
			buildActionMask = 2147483647;
			files = (
			);
			runOnlyForDeploymentPostprocessing = 0;
		};
		22BE6C142BB98B1C0060DAFC /* Resources */ = {
			isa = PBXResourcesBuildPhase;
			buildActionMask = 2147483647;
			files = (
			);
			runOnlyForDeploymentPostprocessing = 0;
		};
/* End PBXResourcesBuildPhase section */

/* Begin PBXSourcesBuildPhase section */
		22BE6BF22BB98B140060DAFC /* Sources */ = {
			isa = PBXSourcesBuildPhase;
			buildActionMask = 2147483647;
			files = (
				22BE6C2E2BBA94770060DAFC /* SearchViewController.swift in Sources */,
				22BE6C2C2BBA94160060DAFC /* ViewController.swift in Sources */,
				22BE6BFE2BB98B140060DAFC /* HomeViewController.swift in Sources */,
				22BE6C302BBA94880060DAFC /* ComingController.swift in Sources */,
				22BE6C342BBA94B20060DAFC /* MoreController.swift in Sources */,
				22BE6C2A2BBA8BA10060DAFC /* MovieData.swift in Sources */,
				22BE6BFA2BB98B140060DAFC /* AppDelegate.swift in Sources */,
				22BE6BFC2BB98B140060DAFC /* SceneDelegate.swift in Sources */,
				22BE6C322BBA949F0060DAFC /* DownloadController.swift in Sources */,
				227925E52BC2E60800A8A1B4 /* ApiCaller.swift in Sources */,
			);
			runOnlyForDeploymentPostprocessing = 0;
		};
		22BE6C082BB98B1C0060DAFC /* Sources */ = {
			isa = PBXSourcesBuildPhase;
			buildActionMask = 2147483647;
			files = (
				22BE6C112BB98B1C0060DAFC /* _rd_hw_KimHyunJoongTests.swift in Sources */,
			);
			runOnlyForDeploymentPostprocessing = 0;
		};
		22BE6C122BB98B1C0060DAFC /* Sources */ = {
			isa = PBXSourcesBuildPhase;
			buildActionMask = 2147483647;
			files = (
				22BE6C1B2BB98B1C0060DAFC /* _rd_hw_KimHyunJoongUITests.swift in Sources */,
				22BE6C1D2BB98B1C0060DAFC /* _rd_hw_KimHyunJoongUITestsLaunchTests.swift in Sources */,
			);
			runOnlyForDeploymentPostprocessing = 0;
		};
/* End PBXSourcesBuildPhase section */

/* Begin PBXTargetDependency section */
		22BE6C0E2BB98B1C0060DAFC /* PBXTargetDependency */ = {
			isa = PBXTargetDependency;
			target = 22BE6BF52BB98B140060DAFC /* 3rd_hw_KimHyunJoong */;
			targetProxy = 22BE6C0D2BB98B1C0060DAFC /* PBXContainerItemProxy */;
		};
		22BE6C182BB98B1C0060DAFC /* PBXTargetDependency */ = {
			isa = PBXTargetDependency;
			target = 22BE6BF52BB98B140060DAFC /* 3rd_hw_KimHyunJoong */;
			targetProxy = 22BE6C172BB98B1C0060DAFC /* PBXContainerItemProxy */;
		};
/* End PBXTargetDependency section */

/* Begin PBXVariantGroup section */
		22BE6BFF2BB98B140060DAFC /* Main.storyboard */ = {
			isa = PBXVariantGroup;
			children = (
				22BE6C002BB98B140060DAFC /* Base */,
			);
			name = Main.storyboard;
			sourceTree = "<group>";
		};
		22BE6C042BB98B1B0060DAFC /* LaunchScreen.storyboard */ = {
			isa = PBXVariantGroup;
			children = (
				22BE6C052BB98B1B0060DAFC /* Base */,
			);
			name = LaunchScreen.storyboard;
			sourceTree = "<group>";
		};
/* End PBXVariantGroup section */

/* Begin XCBuildConfiguration section */
		22BE6C1E2BB98B1C0060DAFC /* Debug */ = {
			isa = XCBuildConfiguration;
			buildSettings = {
				ALWAYS_SEARCH_USER_PATHS = NO;
				ASSETCATALOG_COMPILER_GENERATE_SWIFT_ASSET_SYMBOL_EXTENSIONS = YES;
				CLANG_ANALYZER_NONNULL = YES;
				CLANG_ANALYZER_NUMBER_OBJECT_CONVERSION = YES_AGGRESSIVE;
				CLANG_CXX_LANGUAGE_STANDARD = "gnu++20";
				CLANG_ENABLE_MODULES = YES;
				CLANG_ENABLE_OBJC_ARC = YES;
				CLANG_ENABLE_OBJC_WEAK = YES;
				CLANG_WARN_BLOCK_CAPTURE_AUTORELEASING = YES;
				CLANG_WARN_BOOL_CONVERSION = YES;
				CLANG_WARN_COMMA = YES;
				CLANG_WARN_CONSTANT_CONVERSION = YES;
				CLANG_WARN_DEPRECATED_OBJC_IMPLEMENTATIONS = YES;
				CLANG_WARN_DIRECT_OBJC_ISA_USAGE = YES_ERROR;
				CLANG_WARN_DOCUMENTATION_COMMENTS = YES;
				CLANG_WARN_EMPTY_BODY = YES;
				CLANG_WARN_ENUM_CONVERSION = YES;
				CLANG_WARN_INFINITE_RECURSION = YES;
				CLANG_WARN_INT_CONVERSION = YES;
				CLANG_WARN_NON_LITERAL_NULL_CONVERSION = YES;
				CLANG_WARN_OBJC_IMPLICIT_RETAIN_SELF = YES;
				CLANG_WARN_OBJC_LITERAL_CONVERSION = YES;
				CLANG_WARN_OBJC_ROOT_CLASS = YES_ERROR;
				CLANG_WARN_QUOTED_INCLUDE_IN_FRAMEWORK_HEADER = YES;
				CLANG_WARN_RANGE_LOOP_ANALYSIS = YES;
				CLANG_WARN_STRICT_PROTOTYPES = YES;
				CLANG_WARN_SUSPICIOUS_MOVE = YES;
				CLANG_WARN_UNGUARDED_AVAILABILITY = YES_AGGRESSIVE;
				CLANG_WARN_UNREACHABLE_CODE = YES;
				CLANG_WARN__DUPLICATE_METHOD_MATCH = YES;
				COPY_PHASE_STRIP = NO;
				DEBUG_INFORMATION_FORMAT = dwarf;
				ENABLE_STRICT_OBJC_MSGSEND = YES;
				ENABLE_TESTABILITY = YES;
				ENABLE_USER_SCRIPT_SANDBOXING = YES;
				GCC_C_LANGUAGE_STANDARD = gnu17;
				GCC_DYNAMIC_NO_PIC = NO;
				GCC_NO_COMMON_BLOCKS = YES;
				GCC_OPTIMIZATION_LEVEL = 0;
				GCC_PREPROCESSOR_DEFINITIONS = (
					"DEBUG=1",
					"$(inherited)",
				);
				GCC_WARN_64_TO_32_BIT_CONVERSION = YES;
				GCC_WARN_ABOUT_RETURN_TYPE = YES_ERROR;
				GCC_WARN_UNDECLARED_SELECTOR = YES;
				GCC_WARN_UNINITIALIZED_AUTOS = YES_AGGRESSIVE;
				GCC_WARN_UNUSED_FUNCTION = YES;
				GCC_WARN_UNUSED_VARIABLE = YES;
				IPHONEOS_DEPLOYMENT_TARGET = 17.4;
				LOCALIZATION_PREFERS_STRING_CATALOGS = YES;
				MTL_ENABLE_DEBUG_INFO = INCLUDE_SOURCE;
				MTL_FAST_MATH = YES;
				ONLY_ACTIVE_ARCH = YES;
				SDKROOT = iphoneos;
				SWIFT_ACTIVE_COMPILATION_CONDITIONS = "DEBUG $(inherited)";
				SWIFT_OPTIMIZATION_LEVEL = "-Onone";
			};
			name = Debug;
		};
		22BE6C1F2BB98B1C0060DAFC /* Release */ = {
			isa = XCBuildConfiguration;
			buildSettings = {
				ALWAYS_SEARCH_USER_PATHS = NO;
				ASSETCATALOG_COMPILER_GENERATE_SWIFT_ASSET_SYMBOL_EXTENSIONS = YES;
				CLANG_ANALYZER_NONNULL = YES;
				CLANG_ANALYZER_NUMBER_OBJECT_CONVERSION = YES_AGGRESSIVE;
				CLANG_CXX_LANGUAGE_STANDARD = "gnu++20";
				CLANG_ENABLE_MODULES = YES;
				CLANG_ENABLE_OBJC_ARC = YES;
				CLANG_ENABLE_OBJC_WEAK = YES;
				CLANG_WARN_BLOCK_CAPTURE_AUTORELEASING = YES;
				CLANG_WARN_BOOL_CONVERSION = YES;
				CLANG_WARN_COMMA = YES;
				CLANG_WARN_CONSTANT_CONVERSION = YES;
				CLANG_WARN_DEPRECATED_OBJC_IMPLEMENTATIONS = YES;
				CLANG_WARN_DIRECT_OBJC_ISA_USAGE = YES_ERROR;
				CLANG_WARN_DOCUMENTATION_COMMENTS = YES;
				CLANG_WARN_EMPTY_BODY = YES;
				CLANG_WARN_ENUM_CONVERSION = YES;
				CLANG_WARN_INFINITE_RECURSION = YES;
				CLANG_WARN_INT_CONVERSION = YES;
				CLANG_WARN_NON_LITERAL_NULL_CONVERSION = YES;
				CLANG_WARN_OBJC_IMPLICIT_RETAIN_SELF = YES;
				CLANG_WARN_OBJC_LITERAL_CONVERSION = YES;
				CLANG_WARN_OBJC_ROOT_CLASS = YES_ERROR;
				CLANG_WARN_QUOTED_INCLUDE_IN_FRAMEWORK_HEADER = YES;
				CLANG_WARN_RANGE_LOOP_ANALYSIS = YES;
				CLANG_WARN_STRICT_PROTOTYPES = YES;
				CLANG_WARN_SUSPICIOUS_MOVE = YES;
				CLANG_WARN_UNGUARDED_AVAILABILITY = YES_AGGRESSIVE;
				CLANG_WARN_UNREACHABLE_CODE = YES;
				CLANG_WARN__DUPLICATE_METHOD_MATCH = YES;
				COPY_PHASE_STRIP = NO;
				DEBUG_INFORMATION_FORMAT = "dwarf-with-dsym";
				ENABLE_NS_ASSERTIONS = NO;
				ENABLE_STRICT_OBJC_MSGSEND = YES;
				ENABLE_USER_SCRIPT_SANDBOXING = YES;
				GCC_C_LANGUAGE_STANDARD = gnu17;
				GCC_NO_COMMON_BLOCKS = YES;
				GCC_WARN_64_TO_32_BIT_CONVERSION = YES;
				GCC_WARN_ABOUT_RETURN_TYPE = YES_ERROR;
				GCC_WARN_UNDECLARED_SELECTOR = YES;
				GCC_WARN_UNINITIALIZED_AUTOS = YES_AGGRESSIVE;
				GCC_WARN_UNUSED_FUNCTION = YES;
				GCC_WARN_UNUSED_VARIABLE = YES;
				IPHONEOS_DEPLOYMENT_TARGET = 17.4;
				LOCALIZATION_PREFERS_STRING_CATALOGS = YES;
				MTL_ENABLE_DEBUG_INFO = NO;
				MTL_FAST_MATH = YES;
				SDKROOT = iphoneos;
				SWIFT_COMPILATION_MODE = wholemodule;
				VALIDATE_PRODUCT = YES;
			};
			name = Release;
		};
		22BE6C212BB98B1C0060DAFC /* Debug */ = {
			isa = XCBuildConfiguration;
			buildSettings = {
				ASSETCATALOG_COMPILER_APPICON_NAME = AppIcon;
				ASSETCATALOG_COMPILER_GLOBAL_ACCENT_COLOR_NAME = AccentColor;
				CODE_SIGN_STYLE = Automatic;
				CURRENT_PROJECT_VERSION = 1;
				GENERATE_INFOPLIST_FILE = YES;
				INFOPLIST_FILE = 3rd_hw_KimHyunJoong/Info.plist;
				INFOPLIST_KEY_UIApplicationSupportsIndirectInputEvents = YES;
				INFOPLIST_KEY_UILaunchStoryboardName = LaunchScreen;
				INFOPLIST_KEY_UIMainStoryboardFile = Main;
				INFOPLIST_KEY_UISupportedInterfaceOrientations_iPad = "UIInterfaceOrientationPortrait UIInterfaceOrientationPortraitUpsideDown UIInterfaceOrientationLandscapeLeft UIInterfaceOrientationLandscapeRight";
				INFOPLIST_KEY_UISupportedInterfaceOrientations_iPhone = "UIInterfaceOrientationPortrait UIInterfaceOrientationLandscapeLeft UIInterfaceOrientationLandscapeRight";
				LD_RUNPATH_SEARCH_PATHS = (
					"$(inherited)",
					"@executable_path/Frameworks",
				);
				MARKETING_VERSION = 1.0;
				PRODUCT_BUNDLE_IDENTIFIER = "com.HyunjoongKim.-rd-hw-KimHyunJoong";
				PRODUCT_NAME = "$(TARGET_NAME)";
				SWIFT_EMIT_LOC_STRINGS = YES;
				SWIFT_VERSION = 5.0;
				TARGETED_DEVICE_FAMILY = "1,2";
			};
			name = Debug;
		};
		22BE6C222BB98B1C0060DAFC /* Release */ = {
			isa = XCBuildConfiguration;
			buildSettings = {
				ASSETCATALOG_COMPILER_APPICON_NAME = AppIcon;
				ASSETCATALOG_COMPILER_GLOBAL_ACCENT_COLOR_NAME = AccentColor;
				CODE_SIGN_STYLE = Automatic;
				CURRENT_PROJECT_VERSION = 1;
				GENERATE_INFOPLIST_FILE = YES;
				INFOPLIST_FILE = 3rd_hw_KimHyunJoong/Info.plist;
				INFOPLIST_KEY_UIApplicationSupportsIndirectInputEvents = YES;
				INFOPLIST_KEY_UILaunchStoryboardName = LaunchScreen;
				INFOPLIST_KEY_UIMainStoryboardFile = Main;
				INFOPLIST_KEY_UISupportedInterfaceOrientations_iPad = "UIInterfaceOrientationPortrait UIInterfaceOrientationPortraitUpsideDown UIInterfaceOrientationLandscapeLeft UIInterfaceOrientationLandscapeRight";
				INFOPLIST_KEY_UISupportedInterfaceOrientations_iPhone = "UIInterfaceOrientationPortrait UIInterfaceOrientationLandscapeLeft UIInterfaceOrientationLandscapeRight";
				LD_RUNPATH_SEARCH_PATHS = (
					"$(inherited)",
					"@executable_path/Frameworks",
				);
				MARKETING_VERSION = 1.0;
				PRODUCT_BUNDLE_IDENTIFIER = "com.HyunjoongKim.-rd-hw-KimHyunJoong";
				PRODUCT_NAME = "$(TARGET_NAME)";
				SWIFT_EMIT_LOC_STRINGS = YES;
				SWIFT_VERSION = 5.0;
				TARGETED_DEVICE_FAMILY = "1,2";
			};
			name = Release;
		};
		22BE6C242BB98B1C0060DAFC /* Debug */ = {
			isa = XCBuildConfiguration;
			buildSettings = {
				ALWAYS_EMBED_SWIFT_STANDARD_LIBRARIES = YES;
				BUNDLE_LOADER = "$(TEST_HOST)";
				CODE_SIGN_STYLE = Automatic;
				CURRENT_PROJECT_VERSION = 1;
				GENERATE_INFOPLIST_FILE = YES;
				IPHONEOS_DEPLOYMENT_TARGET = 17.4;
				MARKETING_VERSION = 1.0;
				PRODUCT_BUNDLE_IDENTIFIER = "com.HyunjoongKim.-rd-hw-KimHyunJoongTests";
				PRODUCT_NAME = "$(TARGET_NAME)";
				SWIFT_EMIT_LOC_STRINGS = NO;
				SWIFT_VERSION = 5.0;
				TARGETED_DEVICE_FAMILY = "1,2";
				TEST_HOST = "$(BUILT_PRODUCTS_DIR)/3rd_hw_KimHyunJoong.app/$(BUNDLE_EXECUTABLE_FOLDER_PATH)/3rd_hw_KimHyunJoong";
			};
			name = Debug;
		};
		22BE6C252BB98B1C0060DAFC /* Release */ = {
			isa = XCBuildConfiguration;
			buildSettings = {
				ALWAYS_EMBED_SWIFT_STANDARD_LIBRARIES = YES;
				BUNDLE_LOADER = "$(TEST_HOST)";
				CODE_SIGN_STYLE = Automatic;
				CURRENT_PROJECT_VERSION = 1;
				GENERATE_INFOPLIST_FILE = YES;
				IPHONEOS_DEPLOYMENT_TARGET = 17.4;
				MARKETING_VERSION = 1.0;
				PRODUCT_BUNDLE_IDENTIFIER = "com.HyunjoongKim.-rd-hw-KimHyunJoongTests";
				PRODUCT_NAME = "$(TARGET_NAME)";
				SWIFT_EMIT_LOC_STRINGS = NO;
				SWIFT_VERSION = 5.0;
				TARGETED_DEVICE_FAMILY = "1,2";
				TEST_HOST = "$(BUILT_PRODUCTS_DIR)/3rd_hw_KimHyunJoong.app/$(BUNDLE_EXECUTABLE_FOLDER_PATH)/3rd_hw_KimHyunJoong";
			};
			name = Release;
		};
		22BE6C272BB98B1C0060DAFC /* Debug */ = {
			isa = XCBuildConfiguration;
			buildSettings = {
				ALWAYS_EMBED_SWIFT_STANDARD_LIBRARIES = YES;
				CODE_SIGN_STYLE = Automatic;
				CURRENT_PROJECT_VERSION = 1;
				GENERATE_INFOPLIST_FILE = YES;
				MARKETING_VERSION = 1.0;
				PRODUCT_BUNDLE_IDENTIFIER = "com.HyunjoongKim.-rd-hw-KimHyunJoongUITests";
				PRODUCT_NAME = "$(TARGET_NAME)";
				SWIFT_EMIT_LOC_STRINGS = NO;
				SWIFT_VERSION = 5.0;
				TARGETED_DEVICE_FAMILY = "1,2";
				TEST_TARGET_NAME = 3rd_hw_KimHyunJoong;
			};
			name = Debug;
		};
		22BE6C282BB98B1C0060DAFC /* Release */ = {
			isa = XCBuildConfiguration;
			buildSettings = {
				ALWAYS_EMBED_SWIFT_STANDARD_LIBRARIES = YES;
				CODE_SIGN_STYLE = Automatic;
				CURRENT_PROJECT_VERSION = 1;
				GENERATE_INFOPLIST_FILE = YES;
				MARKETING_VERSION = 1.0;
				PRODUCT_BUNDLE_IDENTIFIER = "com.HyunjoongKim.-rd-hw-KimHyunJoongUITests";
				PRODUCT_NAME = "$(TARGET_NAME)";
				SWIFT_EMIT_LOC_STRINGS = NO;
				SWIFT_VERSION = 5.0;
				TARGETED_DEVICE_FAMILY = "1,2";
				TEST_TARGET_NAME = 3rd_hw_KimHyunJoong;
			};
			name = Release;
		};
/* End XCBuildConfiguration section */

/* Begin XCConfigurationList section */
		22BE6BF12BB98B140060DAFC /* Build configuration list for PBXProject "3rd_hw_KimHyunJoong" */ = {
			isa = XCConfigurationList;
			buildConfigurations = (
				22BE6C1E2BB98B1C0060DAFC /* Debug */,
				22BE6C1F2BB98B1C0060DAFC /* Release */,
			);
			defaultConfigurationIsVisible = 0;
			defaultConfigurationName = Release;
		};
		22BE6C202BB98B1C0060DAFC /* Build configuration list for PBXNativeTarget "3rd_hw_KimHyunJoong" */ = {
			isa = XCConfigurationList;
			buildConfigurations = (
				22BE6C212BB98B1C0060DAFC /* Debug */,
				22BE6C222BB98B1C0060DAFC /* Release */,
			);
			defaultConfigurationIsVisible = 0;
			defaultConfigurationName = Release;
		};
		22BE6C232BB98B1C0060DAFC /* Build configuration list for PBXNativeTarget "3rd_hw_KimHyunJoongTests" */ = {
			isa = XCConfigurationList;
			buildConfigurations = (
				22BE6C242BB98B1C0060DAFC /* Debug */,
				22BE6C252BB98B1C0060DAFC /* Release */,
			);
			defaultConfigurationIsVisible = 0;
			defaultConfigurationName = Release;
		};
		22BE6C262BB98B1C0060DAFC /* Build configuration list for PBXNativeTarget "3rd_hw_KimHyunJoongUITests" */ = {
			isa = XCConfigurationList;
			buildConfigurations = (
				22BE6C272BB98B1C0060DAFC /* Debug */,
				22BE6C282BB98B1C0060DAFC /* Release */,
			);
			defaultConfigurationIsVisible = 0;
			defaultConfigurationName = Release;
		};
/* End XCConfigurationList section */
	};
	rootObject = 22BE6BEE2BB98B140060DAFC /* Project object */;
}
